
Microsoft Visual Studio Solution File, Format Version 12.00
# Visual Studio Version 16
VisualStudioVersion = 16.0.31205.134
MinimumVisualStudioVersion = 10.0.40219.1
Project("{FAE04EC0-301F-11D3-BF4B-00C04F79EFBC}") = "MVCapp", "MVCapp\MVCapp.csproj", "{66C9645B-C87E-414B-8779-58843DA965C3}"
EndProject
Global
	GlobalSection(SolutionConfigurationPlatforms) = preSolution
		Debug|Any CPU = Debug|Any CPU
		Release|Any CPU = Release|Any CPU
	EndGlobalSection
	GlobalSection(ProjectConfigurationPlatforms) = postSolution
		{66C9645B-C87E-414B-8779-58843DA965C3}.Debug|Any CPU.ActiveCfg = Debug|Any CPU
		{66C9645B-C87E-414B-8779-58843DA965C3}.Debug|Any CPU.Build.0 = Debug|Any CPU
		{66C9645B-C87E-414B-8779-58843DA965C3}.Release|Any CPU.ActiveCfg = Release|Any CPU
		{66C9645B-C87E-414B-8779-58843DA965C3}.Release|Any CPU.Build.0 = Release|Any CPU
	EndGlobalSection
	GlobalSection(SolutionProperties) = preSolution
		HideSolutionNode = FALSE
	EndGlobalSection
	GlobalSection(ExtensibilityGlobals) = postSolution
		SolutionGuid = {79F3ACCE-D10D-4FBA-B4FE-84A8F14B0330}
	EndGlobalSection
EndGlobal
